
Microsoft Visual Studio Solution File, Format Version 12.00
# Visual Studio Version 17
VisualStudioVersion = 17.4.33122.133
MinimumVisualStudioVersion = 10.0.40219.1
Project("{FAE04EC0-301F-11D3-BF4B-00C04F79EFBC}") = "HoraActual", "HoraActual.csproj", "{B9B30EC0-0939-4EF3-8EE8-6BE8319FBDCA}"
EndProject
Global
	GlobalSection(SolutionConfigurationPlatforms) = preSolution
		Debug|Any CPU = Debug|Any CPU
		Release|Any CPU = Release|Any CPU
	EndGlobalSection
	GlobalSection(ProjectConfigurationPlatforms) = postSolution
		{B9B30EC0-0939-4EF3-8EE8-6BE8319FBDCA}.Debug|Any CPU.ActiveCfg = Debug|Any CPU
		{B9B30EC0-0939-4EF3-8EE8-6BE8319FBDCA}.Debug|Any CPU.Build.0 = Debug|Any CPU
		{B9B30EC0-0939-4EF3-8EE8-6BE8319FBDCA}.Release|Any CPU.ActiveCfg = Release|Any CPU
		{B9B30EC0-0939-4EF3-8EE8-6BE8319FBDCA}.Release|Any CPU.Build.0 = Release|Any CPU
	EndGlobalSection
	GlobalSection(SolutionProperties) = preSolution
		HideSolutionNode = FALSE
	EndGlobalSection
	GlobalSection(ExtensibilityGlobals) = postSolution
		SolutionGuid = {8F12CA7C-2976-47C0-9743-880D60095E3D}
	EndGlobalSection
EndGlobal
