
Microsoft Visual Studio Solution File, Format Version 12.00
# Visual Studio Version 17
VisualStudioVersion = 17.4.33122.133
MinimumVisualStudioVersion = 10.0.40219.1
Project("{FAE04EC0-301F-11D3-BF4B-00C04F79EFBC}") = "CadenasArrays", "CadenasArrays.csproj", "{C741E396-3BE0-4F5C-9AC9-EB3F4AEE233D}"
EndProject
Global
	GlobalSection(SolutionConfigurationPlatforms) = preSolution
		Debug|Any CPU = Debug|Any CPU
		Release|Any CPU = Release|Any CPU
	EndGlobalSection
	GlobalSection(ProjectConfigurationPlatforms) = postSolution
		{C741E396-3BE0-4F5C-9AC9-EB3F4AEE233D}.Debug|Any CPU.ActiveCfg = Debug|Any CPU
		{C741E396-3BE0-4F5C-9AC9-EB3F4AEE233D}.Debug|Any CPU.Build.0 = Debug|Any CPU
		{C741E396-3BE0-4F5C-9AC9-EB3F4AEE233D}.Release|Any CPU.ActiveCfg = Release|Any CPU
		{C741E396-3BE0-4F5C-9AC9-EB3F4AEE233D}.Release|Any CPU.Build.0 = Release|Any CPU
	EndGlobalSection
	GlobalSection(SolutionProperties) = preSolution
		HideSolutionNode = FALSE
	EndGlobalSection
	GlobalSection(ExtensibilityGlobals) = postSolution
		SolutionGuid = {059FF432-4D72-4A5B-8698-335D753BB9F2}
	EndGlobalSection
EndGlobal
