
Microsoft Visual Studio Solution File, Format Version 12.00
# Visual Studio Version 17
VisualStudioVersion = 17.4.33122.133
MinimumVisualStudioVersion = 10.0.40219.1
Project("{FAE04EC0-301F-11D3-BF4B-00C04F79EFBC}") = "Fibonaci", "Fibonaci.csproj", "{ABA02B58-1191-478E-84E1-8D6E7F6FC3DF}"
EndProject
Global
	GlobalSection(SolutionConfigurationPlatforms) = preSolution
		Debug|Any CPU = Debug|Any CPU
		Release|Any CPU = Release|Any CPU
	EndGlobalSection
	GlobalSection(ProjectConfigurationPlatforms) = postSolution
		{ABA02B58-1191-478E-84E1-8D6E7F6FC3DF}.Debug|Any CPU.ActiveCfg = Debug|Any CPU
		{ABA02B58-1191-478E-84E1-8D6E7F6FC3DF}.Debug|Any CPU.Build.0 = Debug|Any CPU
		{ABA02B58-1191-478E-84E1-8D6E7F6FC3DF}.Release|Any CPU.ActiveCfg = Release|Any CPU
		{ABA02B58-1191-478E-84E1-8D6E7F6FC3DF}.Release|Any CPU.Build.0 = Release|Any CPU
	EndGlobalSection
	GlobalSection(SolutionProperties) = preSolution
		HideSolutionNode = FALSE
	EndGlobalSection
	GlobalSection(ExtensibilityGlobals) = postSolution
		SolutionGuid = {DC9D60D7-F09B-4097-8F0A-C0EC1D05FDB9}
	EndGlobalSection
EndGlobal
